// !$*UTF8*$!
{
	archiveVersion = 1;
	classes = {
	};
	objectVersion = 77;
	objects = {

/* Begin PBXBuildFile section */
		17416FD82D661619002ED94C /* RealmSwift in Frameworks */ = {isa = PBXBuildFile; productRef = 17416FD72D661619002ED94C /* RealmSwift */; };
		1741743B2D688647002ED94C /* RealmSwift in Embed Frameworks */ = {isa = PBXBuildFile; productRef = 17416FD72D661619002ED94C /* RealmSwift */; settings = {ATTRIBUTES = (CodeSignOnCopy, ); }; };
		174174452D68A3A9002ED94C /* IperfSwift in Frameworks */ = {isa = PBXBuildFile; productRef = 174174442D68A3A9002ED94C /* IperfSwift */; };
		175A049D2D9C095800B3E775 /* LanScanner in Frameworks */ = {isa = PBXBuildFile; productRef = 175A049C2D9C095800B3E775 /* LanScanner */; };
		1790E5582D958D40000A0266 /* RevenueCat in Frameworks */ = {isa = PBXBuildFile; productRef = 1790E5572D958D40000A0266 /* RevenueCat */; };
		1790E55A2D958D40000A0266 /* RevenueCatUI in Frameworks */ = {isa = PBXBuildFile; productRef = 1790E5592D958D40000A0266 /* RevenueCatUI */; };
		1790E5622D959559000A0266 /* AppsFlyerLib in Frameworks */ = {isa = PBXBuildFile; productRef = 1790E5612D959559000A0266 /* AppsFlyerLib */; };
/* End PBXBuildFile section */

/* Begin PBXCopyFilesBuildPhase section */
		1741743C2D688647002ED94C /* Embed Frameworks */ = {
			isa = PBXCopyFilesBuildPhase;
			buildActionMask = 2147483647;
			dstPath = "";
			dstSubfolderSpec = 10;
			files = (
				1741743B2D688647002ED94C /* RealmSwift in Embed Frameworks */,
			);
			name = "Embed Frameworks";
			runOnlyForDeploymentPostprocessing = 0;
		};
/* End PBXCopyFilesBuildPhase section */

/* Begin PBXFileReference section */
		17416FBD2D6615D1002ED94C /* HiddenCameraDetector.app */ = {isa = PBXFileReference; explicitFileType = wrapper.application; includeInIndex = 0; path = HiddenCameraDetector.app; sourceTree = BUILT_PRODUCTS_DIR; };
/* End PBXFileReference section */

/* Begin PBXFileSystemSynchronizedBuildFileExceptionSet section */
		17416FCF2D6615D3002ED94C /* Exceptions for "HiddenCameraDetector" folder in "HiddenCameraDetector" target */ = {
			isa = PBXFileSystemSynchronizedBuildFileExceptionSet;
			membershipExceptions = (
				"/Localized: App/LaunchScreen.storyboard",
				Info.plist,
			);
			target = 17416FBC2D6615D1002ED94C /* HiddenCameraDetector */;
		};
/* End PBXFileSystemSynchronizedBuildFileExceptionSet section */

/* Begin PBXFileSystemSynchronizedGroupBuildPhaseMembershipExceptionSet section */
		17416FD32D6615D3002ED94C /* Exceptions for "HiddenCameraDetector" folder in "Copy Bundle Resources" phase from "HiddenCameraDetector" target */ = {
			isa = PBXFileSystemSynchronizedGroupBuildPhaseMembershipExceptionSet;
			buildPhase = 17416FBB2D6615D1002ED94C /* Resources */;
			membershipExceptions = (
				App/Base.lproj/LaunchScreen.storyboard,
			);
		};
/* End PBXFileSystemSynchronizedGroupBuildPhaseMembershipExceptionSet section */

/* Begin PBXFileSystemSynchronizedRootGroup section */
		17416FBF2D6615D1002ED94C /* HiddenCameraDetector */ = {
			isa = PBXFileSystemSynchronizedRootGroup;
			exceptions = (
				17416FCF2D6615D3002ED94C /* Exceptions for "HiddenCameraDetector" folder in "HiddenCameraDetector" target */,
				17416FD32D6615D3002ED94C /* Exceptions for "HiddenCameraDetector" folder in "Copy Bundle Resources" phase from "HiddenCameraDetector" target */,
			);
			path = HiddenCameraDetector;
			sourceTree = "<group>";
		};
/* End PBXFileSystemSynchronizedRootGroup section */

/* Begin PBXFrameworksBuildPhase section */
		17416FBA2D6615D1002ED94C /* Frameworks */ = {
			isa = PBXFrameworksBuildPhase;
			buildActionMask = 2147483647;
			files = (
				1790E5582D958D40000A0266 /* RevenueCat in Frameworks */,
				17416FD82D661619002ED94C /* RealmSwift in Frameworks */,
				1790E55A2D958D40000A0266 /* RevenueCatUI in Frameworks */,
				175A049D2D9C095800B3E775 /* LanScanner in Frameworks */,
				174174452D68A3A9002ED94C /* IperfSwift in Frameworks */,
				1790E5622D959559000A0266 /* AppsFlyerLib in Frameworks */,
			);
			runOnlyForDeploymentPostprocessing = 0;
		};
/* End PBXFrameworksBuildPhase section */

/* Begin PBXGroup section */
		17416FB42D6615D1002ED94C = {
			isa = PBXGroup;
			children = (
				17416FBF2D6615D1002ED94C /* HiddenCameraDetector */,
				17416FBE2D6615D1002ED94C /* Products */,
			);
			sourceTree = "<group>";
		};
		17416FBE2D6615D1002ED94C /* Products */ = {
			isa = PBXGroup;
			children = (
				17416FBD2D6615D1002ED94C /* HiddenCameraDetector.app */,
			);
			name = Products;
			sourceTree = "<group>";
		};
/* End PBXGroup section */

/* Begin PBXNativeTarget section */
		17416FBC2D6615D1002ED94C /* HiddenCameraDetector */ = {
			isa = PBXNativeTarget;
			buildConfigurationList = 17416FD02D6615D3002ED94C /* Build configuration list for PBXNativeTarget "HiddenCameraDetector" */;
			buildPhases = (
				17416FB92D6615D1002ED94C /* Sources */,
				17416FBA2D6615D1002ED94C /* Frameworks */,
				17416FBB2D6615D1002ED94C /* Resources */,
				1741743C2D688647002ED94C /* Embed Frameworks */,
			);
			buildRules = (
			);
			dependencies = (
			);
			fileSystemSynchronizedGroups = (
				17416FBF2D6615D1002ED94C /* HiddenCameraDetector */,
			);
			name = HiddenCameraDetector;
			packageProductDependencies = (
				17416FD72D661619002ED94C /* RealmSwift */,
				174174442D68A3A9002ED94C /* IperfSwift */,
				1790E5572D958D40000A0266 /* RevenueCat */,
				1790E5592D958D40000A0266 /* RevenueCatUI */,
				1790E5612D959559000A0266 /* AppsFlyerLib */,
				175A049C2D9C095800B3E775 /* LanScanner */,
			);
			productName = HiddenCameraDetector;
			productReference = 17416FBD2D6615D1002ED94C /* HiddenCameraDetector.app */;
			productType = "com.apple.product-type.application";
		};
/* End PBXNativeTarget section */

/* Begin PBXProject section */
		17416FB52D6615D1002ED94C /* Project object */ = {
			isa = PBXProject;
			attributes = {
				BuildIndependentTargetsInParallel = 1;
				LastSwiftUpdateCheck = 1610;
				LastUpgradeCheck = 1610;
				TargetAttributes = {
					17416FBC2D6615D1002ED94C = {
						CreatedOnToolsVersion = 16.1;
					};
				};
			};
			buildConfigurationList = 17416FB82D6615D1002ED94C /* Build configuration list for PBXProject "HiddenCameraDetector" */;
			developmentRegion = en;
			hasScannedForEncodings = 0;
			knownRegions = (
				en,
				Base,
			);
			mainGroup = 17416FB42D6615D1002ED94C;
			minimizedProjectReferenceProxies = 1;
			packageReferences = (
				17416FD62D661619002ED94C /* XCRemoteSwiftPackageReference "realm-swift" */,
				174174432D68A3A9002ED94C /* XCRemoteSwiftPackageReference "iperf-swift" */,
				1790E5562D958D40000A0266 /* XCRemoteSwiftPackageReference "purchases-ios" */,
				1790E5602D959559000A0266 /* XCRemoteSwiftPackageReference "AppsFlyerFramework" */,
				175A049B2D9C095800B3E775 /* XCRemoteSwiftPackageReference "lan-scanner" */,
			);
			preferredProjectObjectVersion = 77;
			productRefGroup = 17416FBE2D6615D1002ED94C /* Products */;
			projectDirPath = "";
			projectRoot = "";
			targets = (
				17416FBC2D6615D1002ED94C /* HiddenCameraDetector */,
			);
		};
/* End PBXProject section */

/* Begin PBXResourcesBuildPhase section */
		17416FBB2D6615D1002ED94C /* Resources */ = {
			isa = PBXResourcesBuildPhase;
			buildActionMask = 2147483647;
			files = (
			);
			runOnlyForDeploymentPostprocessing = 0;
		};
/* End PBXResourcesBuildPhase section */

/* Begin PBXSourcesBuildPhase section */
		17416FB92D6615D1002ED94C /* Sources */ = {
			isa = PBXSourcesBuildPhase;
			buildActionMask = 2147483647;
			files = (
			);
			runOnlyForDeploymentPostprocessing = 0;
		};
/* End PBXSourcesBuildPhase section */

/* Begin XCBuildConfiguration section */
		17416FD12D6615D3002ED94C /* Debug */ = {
			isa = XCBuildConfiguration;
			buildSettings = {
				ASSETCATALOG_COMPILER_APPICON_NAME = AppIcon;
				ASSETCATALOG_COMPILER_GLOBAL_ACCENT_COLOR_NAME = AccentColor;
				CODE_SIGN_ENTITLEMENTS = HiddenCameraDetector/HiddenCameraDetector.entitlements;
				CODE_SIGN_STYLE = Manual;
				CURRENT_PROJECT_VERSION = 1;
				DEVELOPMENT_TEAM = "";
				GENERATE_INFOPLIST_FILE = YES;
				INFOPLIST_FILE = HiddenCameraDetector/Info.plist;
				INFOPLIST_KEY_CFBundleDisplayName = "Secret Detector Monitor";
				INFOPLIST_KEY_LSApplicationCategoryType = "public.app-category.utilities";
				INFOPLIST_KEY_NSBluetoothAlwaysUsageDescription = "This app needs continuous access to Bluetooth to detect and communicate with nearby devices, even in the background. We use this functionality to scan for peripherals and ensure reliable device connections";
				INFOPLIST_KEY_NSBluetoothPeripheralUsageDescription = "This app needs permission to use Bluetooth in order to discover, connect with, and manage compatible devices in the vicinity. This allows us to provide enhanced scanning and communication features";
				INFOPLIST_KEY_NSCameraUsageDescription = "This app needs access to your camera so that you can find devices with camera.";
				INFOPLIST_KEY_NSLocalNetworkUsageDescription = "This app needs access to your local network in order to scan for and communicate with devices on the same network. We use this capability to discover connected equipment and provide seamless connectivity features.";
				INFOPLIST_KEY_NSLocationAlwaysAndWhenInUseUsageDescription = "This app needs your location at all times, even in the background, to continuously explore your Wi-Fi network information. This ensures we can offer uninterrupted network scanning features, even when the app isn’t actively in use.";
				INFOPLIST_KEY_NSLocationUsageDescription = "This app uses your location information to determine which Wi-Fi network you are connected to, allowing us to enhance scanning accuracy and network-related functionality.";
				INFOPLIST_KEY_NSLocationWhenInUseUsageDescription = "This app needs to access your location while you’re using it to accurately identify and display your current Wi-Fi network name. This helps us provide a more precise scanning experience and relevant network-based features.";
				INFOPLIST_KEY_NSUserTrackingUsageDescription = "We use your data to provide better advertising and analytics experiences.";
				INFOPLIST_KEY_UIApplicationSupportsIndirectInputEvents = YES;
				INFOPLIST_KEY_UILaunchStoryboardName = LaunchScreen;
				INFOPLIST_KEY_UIStatusBarStyle = UIStatusBarStyleDefault;
				INFOPLIST_KEY_UISupportedInterfaceOrientations = UIInterfaceOrientationPortrait;
				INFOPLIST_KEY_UISupportedInterfaceOrientations_iPad = "UIInterfaceOrientationLandscapeLeft UIInterfaceOrientationLandscapeRight UIInterfaceOrientationPortrait UIInterfaceOrientationPortraitUpsideDown";
				IPHONEOS_DEPLOYMENT_TARGET = 15;
				LD_RUNPATH_SEARCH_PATHS = (
					"$(inherited)",
					"@executable_path/Frameworks",
				);
				MARKETING_VERSION = 1.4;
				PRODUCT_BUNDLE_IDENTIFIER = dev.legacy.HiddenCameraDetector;
				PRODUCT_NAME = "$(TARGET_NAME)";
				PROVISIONING_PROFILE_SPECIFIER = "";
				SUPPORTED_PLATFORMS = "iphoneos iphonesimulator";
				SUPPORTS_MACCATALYST = NO;
				SUPPORTS_MAC_DESIGNED_FOR_IPHONE_IPAD = NO;
				SUPPORTS_XR_DESIGNED_FOR_IPHONE_IPAD = NO;
				SWIFT_EMIT_LOC_STRINGS = YES;
				SWIFT_VERSION = 5.0;
				TARGETED_DEVICE_FAMILY = 1;
			};
			name = Debug;
		};
		17416FD22D6615D3002ED94C /* Release */ = {
			isa = XCBuildConfiguration;
			buildSettings = {
				ASSETCATALOG_COMPILER_APPICON_NAME = AppIcon;
				ASSETCATALOG_COMPILER_GLOBAL_ACCENT_COLOR_NAME = AccentColor;
				CODE_SIGN_ENTITLEMENTS = HiddenCameraDetector/HiddenCameraDetector.entitlements;
				CODE_SIGN_IDENTITY = "Apple Development";
				CODE_SIGN_STYLE = Manual;
				CURRENT_PROJECT_VERSION = 1;
				DEVELOPMENT_TEAM = "";
				GENERATE_INFOPLIST_FILE = YES;
				INFOPLIST_FILE = HiddenCameraDetector/Info.plist;
				INFOPLIST_KEY_CFBundleDisplayName = "Secret Detector Monitor";
				INFOPLIST_KEY_LSApplicationCategoryType = "public.app-category.utilities";
				INFOPLIST_KEY_NSBluetoothAlwaysUsageDescription = "This app needs continuous access to Bluetooth to detect and communicate with nearby devices, even in the background. We use this functionality to scan for peripherals and ensure reliable device connections";
				INFOPLIST_KEY_NSBluetoothPeripheralUsageDescription = "This app needs permission to use Bluetooth in order to discover, connect with, and manage compatible devices in the vicinity. This allows us to provide enhanced scanning and communication features";
				INFOPLIST_KEY_NSCameraUsageDescription = "This app needs access to your camera so that you can find devices with camera.";
				INFOPLIST_KEY_NSLocalNetworkUsageDescription = "This app needs access to your local network in order to scan for and communicate with devices on the same network. We use this capability to discover connected equipment and provide seamless connectivity features.";
				INFOPLIST_KEY_NSLocationAlwaysAndWhenInUseUsageDescription = "This app needs your location at all times, even in the background, to continuously explore your Wi-Fi network information. This ensures we can offer uninterrupted network scanning features, even when the app isn’t actively in use.";
				INFOPLIST_KEY_NSLocationUsageDescription = "This app uses your location information to determine which Wi-Fi network you are connected to, allowing us to enhance scanning accuracy and network-related functionality.";
				INFOPLIST_KEY_NSLocationWhenInUseUsageDescription = "This app needs to access your location while you’re using it to accurately identify and display your current Wi-Fi network name. This helps us provide a more precise scanning experience and relevant network-based features.";
				INFOPLIST_KEY_NSUserTrackingUsageDescription = "We use your data to provide better advertising and analytics experiences.";
				INFOPLIST_KEY_UIApplicationSupportsIndirectInputEvents = YES;
				INFOPLIST_KEY_UILaunchStoryboardName = LaunchScreen;
				INFOPLIST_KEY_UIStatusBarStyle = UIStatusBarStyleDefault;
				INFOPLIST_KEY_UISupportedInterfaceOrientations = UIInterfaceOrientationPortrait;
				INFOPLIST_KEY_UISupportedInterfaceOrientations_iPad = "UIInterfaceOrientationLandscapeLeft UIInterfaceOrientationLandscapeRight UIInterfaceOrientationPortrait UIInterfaceOrientationPortraitUpsideDown";
				IPHONEOS_DEPLOYMENT_TARGET = 15;
				LD_RUNPATH_SEARCH_PATHS = (
					"$(inherited)",
					"@executable_path/Frameworks",
				);
				MARKETING_VERSION = 1.4;
				PRODUCT_BUNDLE_IDENTIFIER = dev.legacy.HiddenCameraDetector;
				PRODUCT_NAME = "$(TARGET_NAME)";
				PROVISIONING_PROFILE_SPECIFIER = "";
				SUPPORTED_PLATFORMS = "iphoneos iphonesimulator";
				SUPPORTS_MACCATALYST = NO;
				SUPPORTS_MAC_DESIGNED_FOR_IPHONE_IPAD = NO;
				SUPPORTS_XR_DESIGNED_FOR_IPHONE_IPAD = NO;
				SWIFT_EMIT_LOC_STRINGS = YES;
				SWIFT_VERSION = 5.0;
				TARGETED_DEVICE_FAMILY = 1;
			};
			name = Release;
		};
		17416FD42D6615D3002ED94C /* Debug */ = {
			isa = XCBuildConfiguration;
			buildSettings = {
				ALWAYS_SEARCH_USER_PATHS = NO;
				ASSETCATALOG_COMPILER_GENERATE_SWIFT_ASSET_SYMBOL_EXTENSIONS = YES;
				CLANG_ANALYZER_NONNULL = YES;
				CLANG_ANALYZER_NUMBER_OBJECT_CONVERSION = YES_AGGRESSIVE;
				CLANG_CXX_LANGUAGE_STANDARD = "gnu++20";
				CLANG_ENABLE_MODULES = YES;
				CLANG_ENABLE_OBJC_ARC = YES;
				CLANG_ENABLE_OBJC_WEAK = YES;
				CLANG_WARN_BLOCK_CAPTURE_AUTORELEASING = YES;
				CLANG_WARN_BOOL_CONVERSION = YES;
				CLANG_WARN_COMMA = YES;
				CLANG_WARN_CONSTANT_CONVERSION = YES;
				CLANG_WARN_DEPRECATED_OBJC_IMPLEMENTATIONS = YES;
				CLANG_WARN_DIRECT_OBJC_ISA_USAGE = YES_ERROR;
				CLANG_WARN_DOCUMENTATION_COMMENTS = YES;
				CLANG_WARN_EMPTY_BODY = YES;
				CLANG_WARN_ENUM_CONVERSION = YES;
				CLANG_WARN_INFINITE_RECURSION = YES;
				CLANG_WARN_INT_CONVERSION = YES;
				CLANG_WARN_NON_LITERAL_NULL_CONVERSION = YES;
				CLANG_WARN_OBJC_IMPLICIT_RETAIN_SELF = YES;
				CLANG_WARN_OBJC_LITERAL_CONVERSION = YES;
				CLANG_WARN_OBJC_ROOT_CLASS = YES_ERROR;
				CLANG_WARN_QUOTED_INCLUDE_IN_FRAMEWORK_HEADER = YES;
				CLANG_WARN_RANGE_LOOP_ANALYSIS = YES;
				CLANG_WARN_STRICT_PROTOTYPES = YES;
				CLANG_WARN_SUSPICIOUS_MOVE = YES;
				CLANG_WARN_UNGUARDED_AVAILABILITY = YES_AGGRESSIVE;
				CLANG_WARN_UNREACHABLE_CODE = YES;
				CLANG_WARN__DUPLICATE_METHOD_MATCH = YES;
				COPY_PHASE_STRIP = NO;
				DEBUG_INFORMATION_FORMAT = dwarf;
				ENABLE_STRICT_OBJC_MSGSEND = YES;
				ENABLE_TESTABILITY = YES;
				ENABLE_USER_SCRIPT_SANDBOXING = YES;
				GCC_C_LANGUAGE_STANDARD = gnu17;
				GCC_DYNAMIC_NO_PIC = NO;
				GCC_NO_COMMON_BLOCKS = YES;
				GCC_OPTIMIZATION_LEVEL = 0;
				GCC_PREPROCESSOR_DEFINITIONS = (
					"DEBUG=1",
					"$(inherited)",
				);
				GCC_WARN_64_TO_32_BIT_CONVERSION = YES;
				GCC_WARN_ABOUT_RETURN_TYPE = YES_ERROR;
				GCC_WARN_UNDECLARED_SELECTOR = YES;
				GCC_WARN_UNINITIALIZED_AUTOS = YES_AGGRESSIVE;
				GCC_WARN_UNUSED_FUNCTION = YES;
				GCC_WARN_UNUSED_VARIABLE = YES;
				IPHONEOS_DEPLOYMENT_TARGET = 18.1;
				LOCALIZATION_PREFERS_STRING_CATALOGS = YES;
				MTL_ENABLE_DEBUG_INFO = INCLUDE_SOURCE;
				MTL_FAST_MATH = YES;
				ONLY_ACTIVE_ARCH = YES;
				SDKROOT = iphoneos;
				SWIFT_ACTIVE_COMPILATION_CONDITIONS = "DEBUG $(inherited)";
				SWIFT_OPTIMIZATION_LEVEL = "-Onone";
			};
			name = Debug;
		};
		17416FD52D6615D3002ED94C /* Release */ = {
			isa = XCBuildConfiguration;
			buildSettings = {
				ALWAYS_SEARCH_USER_PATHS = NO;
				ASSETCATALOG_COMPILER_GENERATE_SWIFT_ASSET_SYMBOL_EXTENSIONS = YES;
				CLANG_ANALYZER_NONNULL = YES;
				CLANG_ANALYZER_NUMBER_OBJECT_CONVERSION = YES_AGGRESSIVE;
				CLANG_CXX_LANGUAGE_STANDARD = "gnu++20";
				CLANG_ENABLE_MODULES = YES;
				CLANG_ENABLE_OBJC_ARC = YES;
				CLANG_ENABLE_OBJC_WEAK = YES;
				CLANG_WARN_BLOCK_CAPTURE_AUTORELEASING = YES;
				CLANG_WARN_BOOL_CONVERSION = YES;
				CLANG_WARN_COMMA = YES;
				CLANG_WARN_CONSTANT_CONVERSION = YES;
				CLANG_WARN_DEPRECATED_OBJC_IMPLEMENTATIONS = YES;
				CLANG_WARN_DIRECT_OBJC_ISA_USAGE = YES_ERROR;
				CLANG_WARN_DOCUMENTATION_COMMENTS = YES;
				CLANG_WARN_EMPTY_BODY = YES;
				CLANG_WARN_ENUM_CONVERSION = YES;
				CLANG_WARN_INFINITE_RECURSION = YES;
				CLANG_WARN_INT_CONVERSION = YES;
				CLANG_WARN_NON_LITERAL_NULL_CONVERSION = YES;
				CLANG_WARN_OBJC_IMPLICIT_RETAIN_SELF = YES;
				CLANG_WARN_OBJC_LITERAL_CONVERSION = YES;
				CLANG_WARN_OBJC_ROOT_CLASS = YES_ERROR;
				CLANG_WARN_QUOTED_INCLUDE_IN_FRAMEWORK_HEADER = YES;
				CLANG_WARN_RANGE_LOOP_ANALYSIS = YES;
				CLANG_WARN_STRICT_PROTOTYPES = YES;
				CLANG_WARN_SUSPICIOUS_MOVE = YES;
				CLANG_WARN_UNGUARDED_AVAILABILITY = YES_AGGRESSIVE;
				CLANG_WARN_UNREACHABLE_CODE = YES;
				CLANG_WARN__DUPLICATE_METHOD_MATCH = YES;
				COPY_PHASE_STRIP = NO;
				DEBUG_INFORMATION_FORMAT = "dwarf-with-dsym";
				ENABLE_NS_ASSERTIONS = NO;
				ENABLE_STRICT_OBJC_MSGSEND = YES;
				ENABLE_USER_SCRIPT_SANDBOXING = YES;
				GCC_C_LANGUAGE_STANDARD = gnu17;
				GCC_NO_COMMON_BLOCKS = YES;
				GCC_WARN_64_TO_32_BIT_CONVERSION = YES;
				GCC_WARN_ABOUT_RETURN_TYPE = YES_ERROR;
				GCC_WARN_UNDECLARED_SELECTOR = YES;
				GCC_WARN_UNINITIALIZED_AUTOS = YES_AGGRESSIVE;
				GCC_WARN_UNUSED_FUNCTION = YES;
				GCC_WARN_UNUSED_VARIABLE = YES;
				IPHONEOS_DEPLOYMENT_TARGET = 18.1;
				LOCALIZATION_PREFERS_STRING_CATALOGS = YES;
				MTL_ENABLE_DEBUG_INFO = NO;
				MTL_FAST_MATH = YES;
				SDKROOT = iphoneos;
				SWIFT_COMPILATION_MODE = wholemodule;
				VALIDATE_PRODUCT = YES;
			};
			name = Release;
		};
/* End XCBuildConfiguration section */

/* Begin XCConfigurationList section */
		17416FB82D6615D1002ED94C /* Build configuration list for PBXProject "HiddenCameraDetector" */ = {
			isa = XCConfigurationList;
			buildConfigurations = (
				17416FD42D6615D3002ED94C /* Debug */,
				17416FD52D6615D3002ED94C /* Release */,
			);
			defaultConfigurationIsVisible = 0;
			defaultConfigurationName = Release;
		};
		17416FD02D6615D3002ED94C /* Build configuration list for PBXNativeTarget "HiddenCameraDetector" */ = {
			isa = XCConfigurationList;
			buildConfigurations = (
				17416FD12D6615D3002ED94C /* Debug */,
				17416FD22D6615D3002ED94C /* Release */,
			);
			defaultConfigurationIsVisible = 0;
			defaultConfigurationName = Release;
		};
/* End XCConfigurationList section */

/* Begin XCRemoteSwiftPackageReference section */
		17416FD62D661619002ED94C /* XCRemoteSwiftPackageReference "realm-swift" */ = {
			isa = XCRemoteSwiftPackageReference;
			repositoryURL = "https://github.com/realm/realm-swift";
			requirement = {
				branch = master;
				kind = branch;
			};
		};
		174174432D68A3A9002ED94C /* XCRemoteSwiftPackageReference "iperf-swift" */ = {
			isa = XCRemoteSwiftPackageReference;
			repositoryURL = "https://github.com/igorskh/iperf-swift";
			requirement = {
				branch = main;
				kind = branch;
			};
		};
		175A049B2D9C095800B3E775 /* XCRemoteSwiftPackageReference "lan-scanner" */ = {
			isa = XCRemoteSwiftPackageReference;
			repositoryURL = "https://github.com/nPoway/lan-scanner.git";
			requirement = {
				branch = develop;
				kind = branch;
			};
		};
		1790E5562D958D40000A0266 /* XCRemoteSwiftPackageReference "purchases-ios" */ = {
			isa = XCRemoteSwiftPackageReference;
			repositoryURL = "https://github.com/RevenueCat/purchases-ios";
			requirement = {
				kind = upToNextMajorVersion;
				minimumVersion = 5.20.1;
			};
		};
		1790E5602D959559000A0266 /* XCRemoteSwiftPackageReference "AppsFlyerFramework" */ = {
			isa = XCRemoteSwiftPackageReference;
			repositoryURL = "https://github.com/AppsFlyerSDK/AppsFlyerFramework";
			requirement = {
				kind = upToNextMajorVersion;
				minimumVersion = 6.16.2;
			};
		};
/* End XCRemoteSwiftPackageReference section */

/* Begin XCSwiftPackageProductDependency section */
		17416FD72D661619002ED94C /* RealmSwift */ = {
			isa = XCSwiftPackageProductDependency;
			package = 17416FD62D661619002ED94C /* XCRemoteSwiftPackageReference "realm-swift" */;
			productName = RealmSwift;
		};
		174174442D68A3A9002ED94C /* IperfSwift */ = {
			isa = XCSwiftPackageProductDependency;
			package = 174174432D68A3A9002ED94C /* XCRemoteSwiftPackageReference "iperf-swift" */;
			productName = IperfSwift;
		};
		175A049C2D9C095800B3E775 /* LanScanner */ = {
			isa = XCSwiftPackageProductDependency;
			package = 175A049B2D9C095800B3E775 /* XCRemoteSwiftPackageReference "lan-scanner" */;
			productName = LanScanner;
		};
		1790E5572D958D40000A0266 /* RevenueCat */ = {
			isa = XCSwiftPackageProductDependency;
			package = 1790E5562D958D40000A0266 /* XCRemoteSwiftPackageReference "purchases-ios" */;
			productName = RevenueCat;
		};
		1790E5592D958D40000A0266 /* RevenueCatUI */ = {
			isa = XCSwiftPackageProductDependency;
			package = 1790E5562D958D40000A0266 /* XCRemoteSwiftPackageReference "purchases-ios" */;
			productName = RevenueCatUI;
		};
		1790E5612D959559000A0266 /* AppsFlyerLib */ = {
			isa = XCSwiftPackageProductDependency;
			package = 1790E5602D959559000A0266 /* XCRemoteSwiftPackageReference "AppsFlyerFramework" */;
			productName = AppsFlyerLib;
		};
/* End XCSwiftPackageProductDependency section */
	};
	rootObject = 17416FB52D6615D1002ED94C /* Project object */;
}
